
Microsoft Visual Studio Solution File, Format Version 12.00
# Visual Studio Version 17
VisualStudioVersion = 17.14.37710.0 d17.14
MinimumVisualStudioVersion = 10.0.40219.1
Project("{FAE04EC0-301F-11D3-BF4B-00C04F79EFBC}") = "ImePhraseTool", "ImePhraseTool.csproj", "{C98E7E22-D78B-6DFE-19CD-C966B45E8294}"
EndProject
Global
	GlobalSection(SolutionConfigurationPlatforms) = preSolution
		Debug|Any CPU = Debug|Any CPU
		Release|Any CPU = Release|Any CPU
	EndGlobalSection
	GlobalSection(ProjectConfigurationPlatforms) = postSolution
		{C98E7E22-D78B-6DFE-19CD-C966B45E8294}.Debug|Any CPU.ActiveCfg = Debug|Any CPU
		{C98E7E22-D78B-6DFE-19CD-C966B45E8294}.Debug|Any CPU.Build.0 = Debug|Any CPU
		{C98E7E22-D78B-6DFE-19CD-C966B45E8294}.Release|Any CPU.ActiveCfg = Release|Any CPU
		{C98E7E22-D78B-6DFE-19CD-C966B45E8294}.Release|Any CPU.Build.0 = Release|Any CPU
	EndGlobalSection
	GlobalSection(SolutionProperties) = preSolution
		HideSolutionNode = FALSE
	EndGlobalSection
	GlobalSection(ExtensibilityGlobals) = postSolution
		SolutionGuid = {19C08270-AA6B-4E8D-AC7C-896565885E06}
	EndGlobalSection
EndGlobal
